
Microsoft Visual Studio Solution File, Format Version 12.00
# Visual Studio Version 17
VisualStudioVersion = 17.7.34031.279
MinimumVisualStudioVersion = 10.0.40219.1
Project("{9A19103F-16F7-4668-BE54-9A1E7A4F7556}") = "Schedule", "Schedule\Schedule.csproj", "{FDF8F853-56FA-4EF4-8690-6E571124D767}"
EndProject
Project("{FAE04EC0-301F-11D3-BF4B-00C04F79EFBC}") = "TestFrc", "TestFrc\TestFrc.csproj", "{3891DCFE-8FA7-4061-97CC-AAD212CB5653}"
EndProject
Global
	GlobalSection(SolutionConfigurationPlatforms) = preSolution
		Debug|Any CPU = Debug|Any CPU
		Release|Any CPU = Release|Any CPU
	EndGlobalSection
	GlobalSection(ProjectConfigurationPlatforms) = postSolution
		{FDF8F853-56FA-4EF4-8690-6E571124D767}.Debug|Any CPU.ActiveCfg = Debug|Any CPU
		{FDF8F853-56FA-4EF4-8690-6E571124D767}.Debug|Any CPU.Build.0 = Debug|Any CPU
		{FDF8F853-56FA-4EF4-8690-6E571124D767}.Release|Any CPU.ActiveCfg = Release|Any CPU
		{FDF8F853-56FA-4EF4-8690-6E571124D767}.Release|Any CPU.Build.0 = Release|Any CPU
		{3891DCFE-8FA7-4061-97CC-AAD212CB5653}.Debug|Any CPU.ActiveCfg = Debug|Any CPU
		{3891DCFE-8FA7-4061-97CC-AAD212CB5653}.Debug|Any CPU.Build.0 = Debug|Any CPU
		{3891DCFE-8FA7-4061-97CC-AAD212CB5653}.Release|Any CPU.ActiveCfg = Release|Any CPU
		{3891DCFE-8FA7-4061-97CC-AAD212CB5653}.Release|Any CPU.Build.0 = Release|Any CPU
	EndGlobalSection
	GlobalSection(SolutionProperties) = preSolution
		HideSolutionNode = FALSE
	EndGlobalSection
	GlobalSection(ExtensibilityGlobals) = postSolution
		SolutionGuid = {6AD1FF2F-BEB9-48D6-9E78-B66E72AD47DE}
	EndGlobalSection
EndGlobal
